
Microsoft Visual Studio Solution File, Format Version 12.00
# Visual Studio Version 17
VisualStudioVersion = 17.13.35825.156
MinimumVisualStudioVersion = 10.0.40219.1
Project("{FAE04EC0-301F-11D3-BF4B-00C04F79EFBC}") = "Lab1 - knapsack problem", "Lab1 - knapsack problem\Lab1 - knapsack problem.csproj", "{58D02C9C-3470-418F-ADAD-24205B12AB04}"
EndProject
Project("{FAE04EC0-301F-11D3-BF4B-00C04F79EFBC}") = "TestProject1 - knapsack", "TestProject1 - knapsack\TestProject1 - knapsack.csproj", "{C883B4BC-7AD4-43F3-A490-1A7A4935CDDA}"
EndProject
Global
	GlobalSection(SolutionConfigurationPlatforms) = preSolution
		Debug|Any CPU = Debug|Any CPU
		Release|Any CPU = Release|Any CPU
	EndGlobalSection
	GlobalSection(ProjectConfigurationPlatforms) = postSolution
		{58D02C9C-3470-418F-ADAD-24205B12AB04}.Debug|Any CPU.ActiveCfg = Debug|Any CPU
		{58D02C9C-3470-418F-ADAD-24205B12AB04}.Debug|Any CPU.Build.0 = Debug|Any CPU
		{58D02C9C-3470-418F-ADAD-24205B12AB04}.Release|Any CPU.ActiveCfg = Release|Any CPU
		{58D02C9C-3470-418F-ADAD-24205B12AB04}.Release|Any CPU.Build.0 = Release|Any CPU
		{C883B4BC-7AD4-43F3-A490-1A7A4935CDDA}.Debug|Any CPU.ActiveCfg = Debug|Any CPU
		{C883B4BC-7AD4-43F3-A490-1A7A4935CDDA}.Debug|Any CPU.Build.0 = Debug|Any CPU
		{C883B4BC-7AD4-43F3-A490-1A7A4935CDDA}.Release|Any CPU.ActiveCfg = Release|Any CPU
		{C883B4BC-7AD4-43F3-A490-1A7A4935CDDA}.Release|Any CPU.Build.0 = Release|Any CPU
	EndGlobalSection
	GlobalSection(SolutionProperties) = preSolution
		HideSolutionNode = FALSE
	EndGlobalSection
	GlobalSection(ExtensibilityGlobals) = postSolution
		SolutionGuid = {B219E4BC-9171-4071-9F63-459247C18311}
	EndGlobalSection
EndGlobal
